
Microsoft Visual Studio Solution File, Format Version 12.00
# Visual Studio 14
VisualStudioVersion = 14.0.25420.1
MinimumVisualStudioVersion = 10.0.40219.1
Project("{2150E333-8FDC-42A3-9474-1A3956D46DE8}") = "Orchard Templates", "Orchard Templates", "{1D7A6C1E-AEA0-4C03-9306-022D4393E37A}"
EndProject
Project("{FAE04EC0-301F-11D3-BF4B-00C04F79EFBC}") = "Orchard.ModuleTemplate.1.9", "OrchardTemplates\Orchard.ModuleTemplate.1.9\Orchard.ModuleTemplate.1.9.csproj", "{85B7A83C-29C9-4BE4-89DD-94A22F127BEE}"
EndProject
Project("{FAE04EC0-301F-11D3-BF4B-00C04F79EFBC}") = "Orchard.ModuleTemplate.1.10", "OrchardTemplates\Orchard.ModuleTemplate.1.10\Orchard.ModuleTemplate.1.10.csproj", "{02943620-8EE1-4A28-9EFE-08B18B0AAFEE}"
EndProject
Project("{FAE04EC0-301F-11D3-BF4B-00C04F79EFBC}") = "Lombiq.Vsix.Orchard", "Lombiq.Vsix.Orchard\Lombiq.Vsix.Orchard.csproj", "{EF02401B-9EB3-4E06-8C34-8411700E4B58}"
EndProject
Project("{FAE04EC0-301F-11D3-BF4B-00C04F79EFBC}") = "Lombiq.Vsix.Orchard.TemplateWizards", "Lombiq.Vsix.Orchard.TemplateWizards\Lombiq.Vsix.Orchard.TemplateWizards.csproj", "{63000BFB-F60F-4F6B-B3F8-03974CE8A5CA}"
EndProject
Global
	GlobalSection(SolutionConfigurationPlatforms) = preSolution
		Debug|Any CPU = Debug|Any CPU
		Release|Any CPU = Release|Any CPU
	EndGlobalSection
	GlobalSection(ProjectConfigurationPlatforms) = postSolution
		{85B7A83C-29C9-4BE4-89DD-94A22F127BEE}.Debug|Any CPU.ActiveCfg = Debug|Any CPU
		{85B7A83C-29C9-4BE4-89DD-94A22F127BEE}.Release|Any CPU.ActiveCfg = Release|Any CPU
		{02943620-8EE1-4A28-9EFE-08B18B0AAFEE}.Debug|Any CPU.ActiveCfg = Debug|Any CPU
		{02943620-8EE1-4A28-9EFE-08B18B0AAFEE}.Release|Any CPU.ActiveCfg = Release|Any CPU
		{EF02401B-9EB3-4E06-8C34-8411700E4B58}.Debug|Any CPU.ActiveCfg = Debug|Any CPU
		{EF02401B-9EB3-4E06-8C34-8411700E4B58}.Debug|Any CPU.Build.0 = Debug|Any CPU
		{EF02401B-9EB3-4E06-8C34-8411700E4B58}.Release|Any CPU.ActiveCfg = Release|Any CPU
		{EF02401B-9EB3-4E06-8C34-8411700E4B58}.Release|Any CPU.Build.0 = Release|Any CPU
		{63000BFB-F60F-4F6B-B3F8-03974CE8A5CA}.Debug|Any CPU.ActiveCfg = Debug|Any CPU
		{63000BFB-F60F-4F6B-B3F8-03974CE8A5CA}.Debug|Any CPU.Build.0 = Debug|Any CPU
		{63000BFB-F60F-4F6B-B3F8-03974CE8A5CA}.Release|Any CPU.ActiveCfg = Release|Any CPU
		{63000BFB-F60F-4F6B-B3F8-03974CE8A5CA}.Release|Any CPU.Build.0 = Release|Any CPU
	EndGlobalSection
	GlobalSection(SolutionProperties) = preSolution
		HideSolutionNode = FALSE
	EndGlobalSection
	GlobalSection(NestedProjects) = preSolution
		{85B7A83C-29C9-4BE4-89DD-94A22F127BEE} = {1D7A6C1E-AEA0-4C03-9306-022D4393E37A}
		{02943620-8EE1-4A28-9EFE-08B18B0AAFEE} = {1D7A6C1E-AEA0-4C03-9306-022D4393E37A}
	EndGlobalSection
EndGlobal
