
Microsoft Visual Studio Solution File, Format Version 12.00
# Visual Studio Version 17
VisualStudioVersion = 17.0.31903.59
MinimumVisualStudioVersion = 10.0.40219.1
Project("{FAE04EC0-301F-11D3-BF4B-00C04F79EFBC}") = "Lombiq.Vsix.Orchard", "Lombiq.Vsix.Orchard\Lombiq.Vsix.Orchard.csproj", "{EF02401B-9EB3-4E06-8C34-8411700E4B58}"
EndProject
Project("{2150E333-8FDC-42A3-9474-1A3956D46DE8}") = "Solution Items", "Solution Items", "{C8659693-2378-4A5D-B136-4983D0CDD7EE}"
	ProjectSection(SolutionItems) = preProject
		Readme.md = Readme.md
		tools\Lombiq.Analyzers\VisualStudioExtension.ruleset = tools\Lombiq.Analyzers\VisualStudioExtension.ruleset
	EndProjectSection
EndProject
Project("{2150E333-8FDC-42A3-9474-1A3956D46DE8}") = ".github", ".github", "{8E63D580-805E-4EAB-ABEB-64E9F858953D}"
EndProject
Project("{2150E333-8FDC-42A3-9474-1A3956D46DE8}") = "workflows", "workflows", "{26BB6A8A-3287-4C8A-BFFC-F9F712751D92}"
	ProjectSection(SolutionItems) = preProject
		.github\workflows\build.yml = .github\workflows\build.yml
		.github\workflows\create-jira-issues-for-community-activities.yml = .github\workflows\create-jira-issues-for-community-activities.yml
		.github\workflows\validate-pull-request.yml = .github\workflows\validate-pull-request.yml
	EndProjectSection
EndProject
Global
	GlobalSection(SolutionConfigurationPlatforms) = preSolution
		Debug|Any CPU = Debug|Any CPU
		Debug|x86 = Debug|x86
		Release|Any CPU = Release|Any CPU
		Release|x86 = Release|x86
	EndGlobalSection
	GlobalSection(ProjectConfigurationPlatforms) = postSolution
		{EF02401B-9EB3-4E06-8C34-8411700E4B58}.Debug|Any CPU.ActiveCfg = Debug|Any CPU
		{EF02401B-9EB3-4E06-8C34-8411700E4B58}.Debug|Any CPU.Build.0 = Debug|Any CPU
		{EF02401B-9EB3-4E06-8C34-8411700E4B58}.Debug|x86.ActiveCfg = Debug|x86
		{EF02401B-9EB3-4E06-8C34-8411700E4B58}.Debug|x86.Build.0 = Debug|x86
		{EF02401B-9EB3-4E06-8C34-8411700E4B58}.Release|Any CPU.ActiveCfg = Release|Any CPU
		{EF02401B-9EB3-4E06-8C34-8411700E4B58}.Release|Any CPU.Build.0 = Release|Any CPU
		{EF02401B-9EB3-4E06-8C34-8411700E4B58}.Release|x86.ActiveCfg = Release|x86
		{EF02401B-9EB3-4E06-8C34-8411700E4B58}.Release|x86.Build.0 = Release|x86
	EndGlobalSection
	GlobalSection(SolutionProperties) = preSolution
		HideSolutionNode = FALSE
	EndGlobalSection
	GlobalSection(NestedProjects) = preSolution
		{26BB6A8A-3287-4C8A-BFFC-F9F712751D92} = {8E63D580-805E-4EAB-ABEB-64E9F858953D}
	EndGlobalSection
	GlobalSection(ExtensibilityGlobals) = postSolution
		SolutionGuid = {53B49BEA-6574-4868-B17B-B81D370899B1}
	EndGlobalSection
EndGlobal
